
Microsoft Visual Studio Solution File, Format Version 12.00
# Visual Studio Version 16
VisualStudioVersion = 16.0.30523.141
MinimumVisualStudioVersion = 10.0.40219.1
Project("{FAE04EC0-301F-11D3-BF4B-00C04F79EFBC}") = "Entity.UI.MVC", "Entity.UI.MVC\Entity.UI.MVC.csproj", "{19625DB4-47FF-4E37-9424-11759E03D7EE}"
EndProject
Global
	GlobalSection(SolutionConfigurationPlatforms) = preSolution
		Debug|Any CPU = Debug|Any CPU
		Release|Any CPU = Release|Any CPU
	EndGlobalSection
	GlobalSection(ProjectConfigurationPlatforms) = postSolution
		{19625DB4-47FF-4E37-9424-11759E03D7EE}.Debug|Any CPU.ActiveCfg = Debug|Any CPU
		{19625DB4-47FF-4E37-9424-11759E03D7EE}.Debug|Any CPU.Build.0 = Debug|Any CPU
		{19625DB4-47FF-4E37-9424-11759E03D7EE}.Release|Any CPU.ActiveCfg = Release|Any CPU
		{19625DB4-47FF-4E37-9424-11759E03D7EE}.Release|Any CPU.Build.0 = Release|Any CPU
	EndGlobalSection
	GlobalSection(SolutionProperties) = preSolution
		HideSolutionNode = FALSE
	EndGlobalSection
	GlobalSection(ExtensibilityGlobals) = postSolution
		SolutionGuid = {5C318238-9753-44FE-93E2-4BD5C32FBE57}
	EndGlobalSection
EndGlobal
