
Microsoft Visual Studio Solution File, Format Version 12.00
# Visual Studio Version 16
VisualStudioVersion = 16.0.30523.141
MinimumVisualStudioVersion = 10.0.40219.1
Project("{FAE04EC0-301F-11D3-BF4B-00C04F79EFBC}") = "TP1POO", "TP1POO\TP1POO.csproj", "{B85F4407-F798-40BB-9003-81641A4A261C}"
EndProject
Global
	GlobalSection(SolutionConfigurationPlatforms) = preSolution
		Debug|Any CPU = Debug|Any CPU
		Release|Any CPU = Release|Any CPU
	EndGlobalSection
	GlobalSection(ProjectConfigurationPlatforms) = postSolution
		{B85F4407-F798-40BB-9003-81641A4A261C}.Debug|Any CPU.ActiveCfg = Debug|Any CPU
		{B85F4407-F798-40BB-9003-81641A4A261C}.Debug|Any CPU.Build.0 = Debug|Any CPU
		{B85F4407-F798-40BB-9003-81641A4A261C}.Release|Any CPU.ActiveCfg = Release|Any CPU
		{B85F4407-F798-40BB-9003-81641A4A261C}.Release|Any CPU.Build.0 = Release|Any CPU
	EndGlobalSection
	GlobalSection(SolutionProperties) = preSolution
		HideSolutionNode = FALSE
	EndGlobalSection
	GlobalSection(ExtensibilityGlobals) = postSolution
		SolutionGuid = {B2639CB0-3BC2-46DA-BF2B-E664ACEB2B70}
	EndGlobalSection
EndGlobal
